# This file is auto-generated by beamtalk. Do not edit manually.
# It pins exact versions of dependencies for reproducible builds.

[[package]]
name = "http"
url = "https://github.com/jamesc/beamtalk-http"
reference = "branch:main"
sha = "03f1d24dbc7f98d8adc6ba1cb8c155d4e3e7aadf"

[[native_package]]
name = "cowboy"
version = "2.14.2"
sha = ""

[[native_package]]
name = "cowlib"
version = "2.19.0"
sha = ""

[[native_package]]
name = "gun"
version = "2.1.0"
sha = ""

[[native_package]]
name = "ranch"
version = "2.2.1"
sha = ""

