# This file is auto-generated by beamtalk. Do not edit manually.
# It pins exact versions of dependencies for reproducible builds.

[[package]]
name = "http"
version = "0.1.4"
registry = "https://github.com/jamesc/beamtalk-registry"
url = "https://github.com/jamesc/beamtalk-http.git"
reference = "tag:v0.1.4"
sha = "9d14e89e53e4e959f74a2e5f422ae790fa2cb214"

[[native_package]]
name = "cowboy"
version = "2.14.2"
sha = ""

[[native_package]]
name = "cowlib"
version = "2.19.0"
sha = ""

[[native_package]]
name = "gun"
version = "2.1.0"
sha = ""

[[native_package]]
name = "ranch"
version = "2.2.1"
sha = ""

